
Microsoft Visual Studio Solution File, Format Version 12.00
# Visual Studio 15
VisualStudioVersion = 15.0.28010.2050
MinimumVisualStudioVersion = 10.0.40219.1
Project("{FAE04EC0-301F-11D3-BF4B-00C04F79EFBC}") = "MasterMind", "MasterMind\MasterMind.csproj", "{A10F6BC4-83DA-4833-8DE0-5EA94908020E}"
EndProject
Project("{FAE04EC0-301F-11D3-BF4B-00C04F79EFBC}") = "MasterMindTest", "MasterMindTest\MasterMindTest.csproj", "{52F5CD77-4DDD-4977-89E1-114411621226}"
EndProject
Global
	GlobalSection(SolutionConfigurationPlatforms) = preSolution
		Debug|Any CPU = Debug|Any CPU
		Release|Any CPU = Release|Any CPU
	EndGlobalSection
	GlobalSection(ProjectConfigurationPlatforms) = postSolution
		{A10F6BC4-83DA-4833-8DE0-5EA94908020E}.Debug|Any CPU.ActiveCfg = Debug|Any CPU
		{A10F6BC4-83DA-4833-8DE0-5EA94908020E}.Debug|Any CPU.Build.0 = Debug|Any CPU
		{A10F6BC4-83DA-4833-8DE0-5EA94908020E}.Release|Any CPU.ActiveCfg = Release|Any CPU
		{A10F6BC4-83DA-4833-8DE0-5EA94908020E}.Release|Any CPU.Build.0 = Release|Any CPU
		{52F5CD77-4DDD-4977-89E1-114411621226}.Debug|Any CPU.ActiveCfg = Debug|Any CPU
		{52F5CD77-4DDD-4977-89E1-114411621226}.Debug|Any CPU.Build.0 = Debug|Any CPU
		{52F5CD77-4DDD-4977-89E1-114411621226}.Release|Any CPU.ActiveCfg = Release|Any CPU
		{52F5CD77-4DDD-4977-89E1-114411621226}.Release|Any CPU.Build.0 = Release|Any CPU
	EndGlobalSection
	GlobalSection(SolutionProperties) = preSolution
		HideSolutionNode = FALSE
	EndGlobalSection
	GlobalSection(ExtensibilityGlobals) = postSolution
		SolutionGuid = {2ED35770-F690-49FB-857D-7AB70045DC17}
	EndGlobalSection
EndGlobal
